
Microsoft Visual Studio Solution File, Format Version 12.00
# Visual Studio 15
VisualStudioVersion = 15.0.28307.489
MinimumVisualStudioVersion = 10.0.40219.1
Project("{888888A0-9F3D-457C-B088-3A5042F75D52}") = "Dijkstra", "Dijkstra\Dijkstra.pyproj", "{DBB56859-72EA-48A4-804D-899EF50ACA61}"
EndProject
Global
	GlobalSection(SolutionConfigurationPlatforms) = preSolution
		Debug|Any CPU = Debug|Any CPU
		Release|Any CPU = Release|Any CPU
	EndGlobalSection
	GlobalSection(ProjectConfigurationPlatforms) = postSolution
		{DBB56859-72EA-48A4-804D-899EF50ACA61}.Debug|Any CPU.ActiveCfg = Debug|Any CPU
		{DBB56859-72EA-48A4-804D-899EF50ACA61}.Release|Any CPU.ActiveCfg = Release|Any CPU
	EndGlobalSection
	GlobalSection(SolutionProperties) = preSolution
		HideSolutionNode = FALSE
	EndGlobalSection
	GlobalSection(ExtensibilityGlobals) = postSolution
		SolutionGuid = {0D8AC3CE-C7BD-4F29-BDDF-B74FC8BDEDC4}
	EndGlobalSection
EndGlobal
